{
    "_readme": [
        "This file locks the dependencies of your project to a known state",
        "Read more about it at https://getcomposer.org/doc/01-basic-usage.md#installing-dependencies",
        "This file is @generated automatically"
    ],
    "content-hash": "41fbe8b1201a9cdfe4fec5702698b357",
    "packages": [
        {
            "name": "wp-php-toolkit/bytestream",
            "version": "v0.7.2",
            "source": {
                "type": "git",
                "url": "https://github.com/wp-php-toolkit/bytestream.git",
                "reference": "275c423f714e8a16278b939eede1c1c1a21f6561"
            },
            "dist": {
                "type": "zip",
                "url": "https://api.github.com/repos/wp-php-toolkit/bytestream/zipball/275c423f714e8a16278b939eede1c1c1a21f6561",
                "reference": "275c423f714e8a16278b939eede1c1c1a21f6561",
                "shasum": ""
            },
            "require": {
                "php": ">=7.2"
            },
            "require-dev": {
                "phpunit/phpunit": "^9.5"
            },
            "type": "library",
            "autoload": {
                "classmap": [
                    "./"
                ],
                "exclude-from-classmap": [
                    "/Tests/"
                ]
            },
            "notification-url": "https://packagist.org/downloads/",
            "license": [
                "GPL-2.0-or-later"
            ],
            "authors": [
                {
                    "name": "Adam Zielinski",
                    "email": "adam@adamziel.com"
                },
                {
                    "name": "WordPress Team",
                    "email": "wordpress@wordpress.org"
                }
            ],
            "description": "ByteStream component for WordPress.",
            "support": {
                "issues": "https://github.com/wp-php-toolkit/bytestream/issues",
                "source": "https://github.com/wp-php-toolkit/bytestream/tree/v0.7.2"
            },
            "time": "2026-04-29T23:59:06+00:00"
        },
        {
            "name": "wp-php-toolkit/data-liberation",
            "version": "v0.7.2",
            "source": {
                "type": "git",
                "url": "https://github.com/wp-php-toolkit/data-liberation.git",
                "reference": "24feba2fc83c4ebcf4e50ebfddd19625d154ddba"
            },
            "dist": {
                "type": "zip",
                "url": "https://api.github.com/repos/wp-php-toolkit/data-liberation/zipball/24feba2fc83c4ebcf4e50ebfddd19625d154ddba",
                "reference": "24feba2fc83c4ebcf4e50ebfddd19625d154ddba",
                "shasum": ""
            },
            "require": {
                "php": ">=7.2",
                "wp-php-toolkit/bytestream": "^0.7.2",
                "wp-php-toolkit/filesystem": "^0.7.2",
                "wp-php-toolkit/http-client": "^0.7.2",
                "wp-php-toolkit/xml": "^0.7.2"
            },
            "type": "library",
            "autoload": {
                "files": [
                    "URL/functions.php"
                ],
                "classmap": [
                    "./",
                    "vendor-patched/"
                ],
                "exclude-from-classmap": [
                    "/Tests/"
                ]
            },
            "notification-url": "https://packagist.org/downloads/",
            "license": [
                "GPL-2.0-or-later"
            ],
            "authors": [
                {
                    "name": "Adam Zielinski",
                    "email": "adam@adamziel.com"
                },
                {
                    "name": "WordPress Team",
                    "email": "wordpress@wordpress.org"
                }
            ],
            "description": "Data Liberation component for WordPress.",
            "support": {
                "issues": "https://github.com/wp-php-toolkit/data-liberation/issues",
                "source": "https://github.com/wp-php-toolkit/data-liberation/tree/v0.7.2"
            },
            "time": "2026-04-30T22:24:20+00:00"
        },
        {
            "name": "wp-php-toolkit/encoding",
            "version": "v0.7.2",
            "source": {
                "type": "git",
                "url": "https://github.com/wp-php-toolkit/encoding.git",
                "reference": "14ce8b2fed7c1f259f31bde60a11e431ec7fc8c9"
            },
            "dist": {
                "type": "zip",
                "url": "https://api.github.com/repos/wp-php-toolkit/encoding/zipball/14ce8b2fed7c1f259f31bde60a11e431ec7fc8c9",
                "reference": "14ce8b2fed7c1f259f31bde60a11e431ec7fc8c9",
                "shasum": ""
            },
            "require": {
                "php": ">=7.2"
            },
            "type": "library",
            "autoload": {
                "files": [
                    "utf8.php",
                    "compat-utf8.php",
                    "utf8-encoder.php"
                ],
                "exclude-from-classmap": [
                    "/Tests/"
                ]
            },
            "notification-url": "https://packagist.org/downloads/",
            "license": [
                "GPL-2.0-or-later"
            ],
            "authors": [
                {
                    "name": "Adam Zielinski",
                    "email": "adam@adamziel.com"
                },
                {
                    "name": "WordPress Team",
                    "email": "wordpress@wordpress.org"
                }
            ],
            "description": "Encoding component for WordPress.",
            "support": {
                "issues": "https://github.com/wp-php-toolkit/encoding/issues",
                "source": "https://github.com/wp-php-toolkit/encoding/tree/v0.7.2"
            },
            "time": "2026-04-29T23:59:06+00:00"
        },
        {
            "name": "wp-php-toolkit/filesystem",
            "version": "v0.7.2",
            "source": {
                "type": "git",
                "url": "https://github.com/wp-php-toolkit/filesystem.git",
                "reference": "cb41da281943fac5092019ff71cbb30ec6ad4456"
            },
            "dist": {
                "type": "zip",
                "url": "https://api.github.com/repos/wp-php-toolkit/filesystem/zipball/cb41da281943fac5092019ff71cbb30ec6ad4456",
                "reference": "cb41da281943fac5092019ff71cbb30ec6ad4456",
                "shasum": ""
            },
            "require": {
                "php": ">=7.2",
                "wp-php-toolkit/bytestream": "^0.7.2"
            },
            "require-dev": {
                "phpunit/phpunit": "^9.5"
            },
            "type": "library",
            "autoload": {
                "files": [
                    "functions.php"
                ],
                "classmap": [
                    "./"
                ],
                "exclude-from-classmap": [
                    "/Tests/"
                ]
            },
            "notification-url": "https://packagist.org/downloads/",
            "license": [
                "GPL-2.0-or-later"
            ],
            "authors": [
                {
                    "name": "Adam Zielinski",
                    "email": "adam@adamziel.com"
                },
                {
                    "name": "WordPress Team",
                    "email": "wordpress@wordpress.org"
                }
            ],
            "description": "Filesystem component for WordPress.",
            "support": {
                "issues": "https://github.com/wp-php-toolkit/filesystem/issues",
                "source": "https://github.com/wp-php-toolkit/filesystem/tree/v0.7.2"
            },
            "time": "2026-04-30T22:24:20+00:00"
        },
        {
            "name": "wp-php-toolkit/html",
            "version": "v0.7.2",
            "source": {
                "type": "git",
                "url": "https://github.com/wp-php-toolkit/html.git",
                "reference": "dd97f71d0c46408f26a3d23e75bfb62d1a7e6f65"
            },
            "dist": {
                "type": "zip",
                "url": "https://api.github.com/repos/wp-php-toolkit/html/zipball/dd97f71d0c46408f26a3d23e75bfb62d1a7e6f65",
                "reference": "dd97f71d0c46408f26a3d23e75bfb62d1a7e6f65",
                "shasum": ""
            },
            "require": {
                "php": ">=7.2"
            },
            "require-dev": {
                "phpunit/phpunit": "^9.5"
            },
            "type": "library",
            "autoload": {
                "classmap": [
                    "./"
                ],
                "exclude-from-classmap": [
                    "/Tests/",
                    "/html5-named-character-references.php"
                ]
            },
            "notification-url": "https://packagist.org/downloads/",
            "license": [
                "GPL-2.0-or-later"
            ],
            "authors": [
                {
                    "name": "Adam Zielinski",
                    "email": "adam@adamziel.com"
                },
                {
                    "name": "WordPress Team",
                    "email": "wordpress@wordpress.org"
                }
            ],
            "description": "HTML component for WordPress.",
            "support": {
                "issues": "https://github.com/wp-php-toolkit/html/issues",
                "source": "https://github.com/wp-php-toolkit/html/tree/v0.7.2"
            },
            "time": "2026-04-30T22:23:42+00:00"
        },
        {
            "name": "wp-php-toolkit/http-client",
            "version": "v0.7.2",
            "source": {
                "type": "git",
                "url": "https://github.com/wp-php-toolkit/http-client.git",
                "reference": "016f1658ca6c8d877769f43ca9b6c4a9dc213a05"
            },
            "dist": {
                "type": "zip",
                "url": "https://api.github.com/repos/wp-php-toolkit/http-client/zipball/016f1658ca6c8d877769f43ca9b6c4a9dc213a05",
                "reference": "016f1658ca6c8d877769f43ca9b6c4a9dc213a05",
                "shasum": ""
            },
            "require": {
                "php": ">=7.2",
                "wp-php-toolkit/bytestream": "^0.7.2",
                "wp-php-toolkit/data-liberation": "^0.7.2",
                "wp-php-toolkit/filesystem": "^0.7.2"
            },
            "require-dev": {
                "phpunit/phpunit": "^9.5"
            },
            "type": "library",
            "autoload": {
                "classmap": [
                    "./"
                ],
                "exclude-from-classmap": [
                    "/Tests/"
                ]
            },
            "notification-url": "https://packagist.org/downloads/",
            "license": [
                "GPL-2.0-or-later"
            ],
            "authors": [
                {
                    "name": "Adam Zielinski",
                    "email": "adam@adamziel.com"
                },
                {
                    "name": "WordPress Team",
                    "email": "wordpress@wordpress.org"
                }
            ],
            "description": "HttpClient component for WordPress.",
            "support": {
                "issues": "https://github.com/wp-php-toolkit/http-client/issues",
                "source": "https://github.com/wp-php-toolkit/http-client/tree/v0.7.2"
            },
            "time": "2026-04-30T22:24:20+00:00"
        },
        {
            "name": "wp-php-toolkit/reprint-exporter",
            "version": "dev-wpdb-adapter",
            "source": {
                "type": "git",
                "url": "https://github.com/lucatume/reprint-exporter.git",
                "reference": "44230b9dbf3443d13496a60ea716146ec4802967"
            },
            "dist": {
                "type": "zip",
                "url": "https://api.github.com/repos/lucatume/reprint-exporter/zipball/44230b9dbf3443d13496a60ea716146ec4802967",
                "reference": "44230b9dbf3443d13496a60ea716146ec4802967",
                "shasum": ""
            },
            "require": {
                "php": ">=7.4",
                "wp-php-toolkit/data-liberation": "^0.7.2",
                "wp-php-toolkit/html": "^0.7.2"
            },
            "suggest": {
                "ext-pdo": "Needed for the SQLite export path; recommended for MySQL exports (the wpdb fallback handles MySQL when absent).",
                "ext-pdo_mysql": "Recommended for MySQL exports; falls back to wpdb when absent."
            },
            "type": "library",
            "autoload": {
                "psr-4": {
                    "WordPress\\DataLiberation\\": "src/"
                },
                "classmap": [
                    "src/class-mysql-dump-producer.php",
                    "src/class-file-tree-producer.php",
                    "src/class-hmac-client.php",
                    "src/class-hmac-server.php",
                    "src/class-http-server.php",
                    "src/class-sqlite-driver-pdo.php",
                    "src/class-wpdb-driver-pdo.php"
                ],
                "files": [
                    "src/utils.php",
                    "src/class-pdo-polyfill.php"
                ]
            },
            "license": [
                "GPL-2.0-or-later"
            ],
            "description": "Streaming export engine used by the Reprint Exporter WordPress plugin",
            "support": {
                "source": "https://github.com/lucatume/reprint-exporter/tree/wpdb-adapter"
            },
            "time": "2026-05-01T09:43:11+00:00"
        },
        {
            "name": "wp-php-toolkit/xml",
            "version": "v0.7.2",
            "source": {
                "type": "git",
                "url": "https://github.com/wp-php-toolkit/xml.git",
                "reference": "0fddbc2decbf6426ed1ae8387a5970e849b9da63"
            },
            "dist": {
                "type": "zip",
                "url": "https://api.github.com/repos/wp-php-toolkit/xml/zipball/0fddbc2decbf6426ed1ae8387a5970e849b9da63",
                "reference": "0fddbc2decbf6426ed1ae8387a5970e849b9da63",
                "shasum": ""
            },
            "require": {
                "php": ">=7.2",
                "wp-php-toolkit/encoding": "^0.7.2"
            },
            "require-dev": {
                "phpunit/phpunit": "^9.5"
            },
            "type": "library",
            "autoload": {
                "classmap": [
                    "./"
                ],
                "exclude-from-classmap": [
                    "/Tests/"
                ]
            },
            "notification-url": "https://packagist.org/downloads/",
            "license": [
                "GPL-2.0-or-later"
            ],
            "authors": [
                {
                    "name": "Adam Zielinski",
                    "email": "adam@adamziel.com"
                },
                {
                    "name": "WordPress Team",
                    "email": "wordpress@wordpress.org"
                }
            ],
            "description": "XML component for WordPress.",
            "support": {
                "issues": "https://github.com/wp-php-toolkit/xml/issues",
                "source": "https://github.com/wp-php-toolkit/xml/tree/v0.7.2"
            },
            "time": "2026-04-30T22:24:20+00:00"
        }
    ],
    "packages-dev": [],
    "aliases": [],
    "minimum-stability": "dev",
    "stability-flags": {
        "wp-php-toolkit/reprint-exporter": 20
    },
    "prefer-stable": true,
    "prefer-lowest": false,
    "platform": {},
    "platform-dev": {},
    "plugin-api-version": "2.9.0"
}
